// !$*UTF8*$!
{
	archiveVersion = 1;
	classes = {
	};
	objectVersion = 55;
	objects = {

/* Begin PBXBuildFile section */
		3E12FD4A33E66D2AC82D1B56 /* Pods_DapengStudy.framework in Frameworks */ = {isa = PBXBuildFile; fileRef = 7690D9B813501B8E92140219 /* Pods_DapengStudy.framework */; };
		9227D8CB27716A8E002DEEFE /* ViewController.m in Sources */ = {isa = PBXBuildFile; fileRef = 9227D8CA27716A8E002DEEFE /* ViewController.m */; };
		9227D8CE27716A8E002DEEFE /* Main.storyboard in Resources */ = {isa = PBXBuildFile; fileRef = 9227D8CC27716A8E002DEEFE /* Main.storyboard */; };
		9227D8D027716A8F002DEEFE /* Assets.xcassets in Resources */ = {isa = PBXBuildFile; fileRef = 9227D8CF27716A8F002DEEFE /* Assets.xcassets */; };
		9227D8D327716A8F002DEEFE /* LaunchScreen.storyboard in Resources */ = {isa = PBXBuildFile; fileRef = 9227D8D127716A8F002DEEFE /* LaunchScreen.storyboard */; };
		9227D8D627716A8F002DEEFE /* main.m in Sources */ = {isa = PBXBuildFile; fileRef = 9227D8D527716A8F002DEEFE /* main.m */; };
/* End PBXBuildFile section */

/* Begin PBXFileReference section */
		18830C143E24D2104CF03992 /* Pods-DapengStudy.release.xcconfig */ = {isa = PBXFileReference; includeInIndex = 1; lastKnownFileType = text.xcconfig; name = "Pods-DapengStudy.release.xcconfig"; path = "Target Support Files/Pods-DapengStudy/Pods-DapengStudy.release.xcconfig"; sourceTree = "<group>"; };
		7690D9B813501B8E92140219 /* Pods_DapengStudy.framework */ = {isa = PBXFileReference; explicitFileType = wrapper.framework; includeInIndex = 0; path = Pods_DapengStudy.framework; sourceTree = BUILT_PRODUCTS_DIR; };
		9227D8C027716A8E002DEEFE /* DapengStudy.app */ = {isa = PBXFileReference; explicitFileType = wrapper.application; includeInIndex = 0; path = DapengStudy.app; sourceTree = BUILT_PRODUCTS_DIR; };
		9227D8C927716A8E002DEEFE /* ViewController.h */ = {isa = PBXFileReference; lastKnownFileType = sourcecode.c.h; path = ViewController.h; sourceTree = "<group>"; };
		9227D8CA27716A8E002DEEFE /* ViewController.m */ = {isa = PBXFileReference; lastKnownFileType = sourcecode.c.objc; path = ViewController.m; sourceTree = "<group>"; };
		9227D8CD27716A8E002DEEFE /* Base */ = {isa = PBXFileReference; lastKnownFileType = file.storyboard; name = Base; path = Base.lproj/Main.storyboard; sourceTree = "<group>"; };
		9227D8CF27716A8F002DEEFE /* Assets.xcassets */ = {isa = PBXFileReference; lastKnownFileType = folder.assetcatalog; path = Assets.xcassets; sourceTree = "<group>"; };
		9227D8D227716A8F002DEEFE /* Base */ = {isa = PBXFileReference; lastKnownFileType = file.storyboard; name = Base; path = Base.lproj/LaunchScreen.storyboard; sourceTree = "<group>"; };
		9227D8D427716A8F002DEEFE /* Info.plist */ = {isa = PBXFileReference; lastKnownFileType = text.plist.xml; path = Info.plist; sourceTree = "<group>"; };
		9227D8D527716A8F002DEEFE /* main.m */ = {isa = PBXFileReference; lastKnownFileType = sourcecode.c.objc; path = main.m; sourceTree = "<group>"; };
		FBC250241DF21C22C6A8CBC4 /* Pods-DapengStudy.debug.xcconfig */ = {isa = PBXFileReference; includeInIndex = 1; lastKnownFileType = text.xcconfig; name = "Pods-DapengStudy.debug.xcconfig"; path = "Target Support Files/Pods-DapengStudy/Pods-DapengStudy.debug.xcconfig"; sourceTree = "<group>"; };
/* End PBXFileReference section */

/* Begin PBXFrameworksBuildPhase section */
		9227D8BD27716A8E002DEEFE /* Frameworks */ = {
			isa = PBXFrameworksBuildPhase;
			buildActionMask = 2147483647;
			files = (
				3E12FD4A33E66D2AC82D1B56 /* Pods_DapengStudy.framework in Frameworks */,
			);
			runOnlyForDeploymentPostprocessing = 0;
		};
/* End PBXFrameworksBuildPhase section */

/* Begin PBXGroup section */
		48D1E6400E9C7C07E3DC8838 /* Frameworks */ = {
			isa = PBXGroup;
			children = (
				7690D9B813501B8E92140219 /* Pods_DapengStudy.framework */,
			);
			name = Frameworks;
			sourceTree = "<group>";
		};
		7CAA32B58257620E06703BBB /* Pods */ = {
			isa = PBXGroup;
			children = (
				FBC250241DF21C22C6A8CBC4 /* Pods-DapengStudy.debug.xcconfig */,
				18830C143E24D2104CF03992 /* Pods-DapengStudy.release.xcconfig */,
			);
			path = Pods;
			sourceTree = "<group>";
		};
		9227D8B727716A8E002DEEFE = {
			isa = PBXGroup;
			children = (
				9227D8C227716A8E002DEEFE /* DapengStudy */,
				9227D8C127716A8E002DEEFE /* Products */,
				7CAA32B58257620E06703BBB /* Pods */,
				48D1E6400E9C7C07E3DC8838 /* Frameworks */,
			);
			sourceTree = "<group>";
		};
		9227D8C127716A8E002DEEFE /* Products */ = {
			isa = PBXGroup;
			children = (
				9227D8C027716A8E002DEEFE /* DapengStudy.app */,
			);
			name = Products;
			sourceTree = "<group>";
		};
		9227D8C227716A8E002DEEFE /* DapengStudy */ = {
			isa = PBXGroup;
			children = (
				9227D8C927716A8E002DEEFE /* ViewController.h */,
				9227D8CA27716A8E002DEEFE /* ViewController.m */,
				9227D8CC27716A8E002DEEFE /* Main.storyboard */,
				9227D8CF27716A8F002DEEFE /* Assets.xcassets */,
				9227D8D127716A8F002DEEFE /* LaunchScreen.storyboard */,
				9227D8D427716A8F002DEEFE /* Info.plist */,
				9227D8D527716A8F002DEEFE /* main.m */,
			);
			path = DapengStudy;
			sourceTree = "<group>";
		};
/* End PBXGroup section */

/* Begin PBXNativeTarget section */
		9227D8BF27716A8E002DEEFE /* DapengStudy */ = {
			isa = PBXNativeTarget;
			buildConfigurationList = 9227D8D927716A8F002DEEFE /* Build configuration list for PBXNativeTarget "DapengStudy" */;
			buildPhases = (
				71DC4D9981A498C89FED280A /* [CP] Check Pods Manifest.lock */,
				9227D8BC27716A8E002DEEFE /* Sources */,
				9227D8BD27716A8E002DEEFE /* Frameworks */,
				9227D8BE27716A8E002DEEFE /* Resources */,
				5629E401B92CDCE27E8D4891 /* [CP] Embed Pods Frameworks */,
			);
			buildRules = (
			);
			dependencies = (
			);
			name = DapengStudy;
			productName = DapengStudy;
			productReference = 9227D8C027716A8E002DEEFE /* DapengStudy.app */;
			productType = "com.apple.product-type.application";
		};
/* End PBXNativeTarget section */

/* Begin PBXProject section */
		9227D8B827716A8E002DEEFE /* Project object */ = {
			isa = PBXProject;
			attributes = {
				BuildIndependentTargetsInParallel = 1;
				LastUpgradeCheck = 1320;
				TargetAttributes = {
					9227D8BF27716A8E002DEEFE = {
						CreatedOnToolsVersion = 13.2.1;
					};
				};
			};
			buildConfigurationList = 9227D8BB27716A8E002DEEFE /* Build configuration list for PBXProject "DapengStudy" */;
			compatibilityVersion = "Xcode 13.0";
			developmentRegion = en;
			hasScannedForEncodings = 0;
			knownRegions = (
				en,
				Base,
			);
			mainGroup = 9227D8B727716A8E002DEEFE;
			productRefGroup = 9227D8C127716A8E002DEEFE /* Products */;
			projectDirPath = "";
			projectRoot = "";
			targets = (
				9227D8BF27716A8E002DEEFE /* DapengStudy */,
			);
		};
/* End PBXProject section */

/* Begin PBXResourcesBuildPhase section */
		9227D8BE27716A8E002DEEFE /* Resources */ = {
			isa = PBXResourcesBuildPhase;
			buildActionMask = 2147483647;
			files = (
				9227D8D327716A8F002DEEFE /* LaunchScreen.storyboard in Resources */,
				9227D8D027716A8F002DEEFE /* Assets.xcassets in Resources */,
				9227D8CE27716A8E002DEEFE /* Main.storyboard in Resources */,
			);
			runOnlyForDeploymentPostprocessing = 0;
		};
/* End PBXResourcesBuildPhase section */

/* Begin PBXShellScriptBuildPhase section */
		5629E401B92CDCE27E8D4891 /* [CP] Embed Pods Frameworks */ = {
			isa = PBXShellScriptBuildPhase;
			buildActionMask = 2147483647;
			files = (
			);
			inputFileListPaths = (
				"${PODS_ROOT}/Target Support Files/Pods-DapengStudy/Pods-DapengStudy-frameworks-${CONFIGURATION}-input-files.xcfilelist",
			);
			name = "[CP] Embed Pods Frameworks";
			outputFileListPaths = (
				"${PODS_ROOT}/Target Support Files/Pods-DapengStudy/Pods-DapengStudy-frameworks-${CONFIGURATION}-output-files.xcfilelist",
			);
			runOnlyForDeploymentPostprocessing = 0;
			shellPath = /bin/sh;
			shellScript = "\"${PODS_ROOT}/Target Support Files/Pods-DapengStudy/Pods-DapengStudy-frameworks.sh\"\n";
			showEnvVarsInLog = 0;
		};
		71DC4D9981A498C89FED280A /* [CP] Check Pods Manifest.lock */ = {
			isa = PBXShellScriptBuildPhase;
			buildActionMask = 2147483647;
			files = (
			);
			inputFileListPaths = (
			);
			inputPaths = (
				"${PODS_PODFILE_DIR_PATH}/Podfile.lock",
				"${PODS_ROOT}/Manifest.lock",
			);
			name = "[CP] Check Pods Manifest.lock";
			outputFileListPaths = (
			);
			outputPaths = (
				"$(DERIVED_FILE_DIR)/Pods-DapengStudy-checkManifestLockResult.txt",
			);
			runOnlyForDeploymentPostprocessing = 0;
			shellPath = /bin/sh;
			shellScript = "diff \"${PODS_PODFILE_DIR_PATH}/Podfile.lock\" \"${PODS_ROOT}/Manifest.lock\" > /dev/null\nif [ $? != 0 ] ; then\n    # print error to STDERR\n    echo \"error: The sandbox is not in sync with the Podfile.lock. Run 'pod install' or update your CocoaPods installation.\" >&2\n    exit 1\nfi\n# This output is used by Xcode 'outputs' to avoid re-running this script phase.\necho \"SUCCESS\" > \"${SCRIPT_OUTPUT_FILE_0}\"\n";
			showEnvVarsInLog = 0;
		};
/* End PBXShellScriptBuildPhase section */

/* Begin PBXSourcesBuildPhase section */
		9227D8BC27716A8E002DEEFE /* Sources */ = {
			isa = PBXSourcesBuildPhase;
			buildActionMask = 2147483647;
			files = (
				9227D8CB27716A8E002DEEFE /* ViewController.m in Sources */,
				9227D8D627716A8F002DEEFE /* main.m in Sources */,
			);
			runOnlyForDeploymentPostprocessing = 0;
		};
/* End PBXSourcesBuildPhase section */

/* Begin PBXVariantGroup section */
		9227D8CC27716A8E002DEEFE /* Main.storyboard */ = {
			isa = PBXVariantGroup;
			children = (
				9227D8CD27716A8E002DEEFE /* Base */,
			);
			name = Main.storyboard;
			sourceTree = "<group>";
		};
		9227D8D127716A8F002DEEFE /* LaunchScreen.storyboard */ = {
			isa = PBXVariantGroup;
			children = (
				9227D8D227716A8F002DEEFE /* Base */,
			);
			name = LaunchScreen.storyboard;
			sourceTree = "<group>";
		};
/* End PBXVariantGroup section */

/* Begin XCBuildConfiguration section */
		9227D8D727716A8F002DEEFE /* Debug */ = {
			isa = XCBuildConfiguration;
			buildSettings = {
				ALWAYS_SEARCH_USER_PATHS = NO;
				CLANG_ANALYZER_NONNULL = YES;
				CLANG_ANALYZER_NUMBER_OBJECT_CONVERSION = YES_AGGRESSIVE;
				CLANG_CXX_LANGUAGE_STANDARD = "gnu++17";
				CLANG_CXX_LIBRARY = "libc++";
				CLANG_ENABLE_MODULES = YES;
				CLANG_ENABLE_OBJC_ARC = YES;
				CLANG_ENABLE_OBJC_WEAK = YES;
				CLANG_WARN_BLOCK_CAPTURE_AUTORELEASING = YES;
				CLANG_WARN_BOOL_CONVERSION = YES;
				CLANG_WARN_COMMA = YES;
				CLANG_WARN_CONSTANT_CONVERSION = YES;
				CLANG_WARN_DEPRECATED_OBJC_IMPLEMENTATIONS = YES;
				CLANG_WARN_DIRECT_OBJC_ISA_USAGE = YES_ERROR;
				CLANG_WARN_DOCUMENTATION_COMMENTS = YES;
				CLANG_WARN_EMPTY_BODY = YES;
				CLANG_WARN_ENUM_CONVERSION = YES;
				CLANG_WARN_INFINITE_RECURSION = YES;
				CLANG_WARN_INT_CONVERSION = YES;
				CLANG_WARN_NON_LITERAL_NULL_CONVERSION = YES;
				CLANG_WARN_OBJC_IMPLICIT_RETAIN_SELF = YES;
				CLANG_WARN_OBJC_LITERAL_CONVERSION = YES;
				CLANG_WARN_OBJC_ROOT_CLASS = YES_ERROR;
				CLANG_WARN_QUOTED_INCLUDE_IN_FRAMEWORK_HEADER = YES;
				CLANG_WARN_RANGE_LOOP_ANALYSIS = YES;
				CLANG_WARN_STRICT_PROTOTYPES = YES;
				CLANG_WARN_SUSPICIOUS_MOVE = YES;
				CLANG_WARN_UNGUARDED_AVAILABILITY = YES_AGGRESSIVE;
				CLANG_WARN_UNREACHABLE_CODE = YES;
				CLANG_WARN__DUPLICATE_METHOD_MATCH = YES;
				COPY_PHASE_STRIP = NO;
				DEBUG_INFORMATION_FORMAT = dwarf;
				ENABLE_STRICT_OBJC_MSGSEND = YES;
				ENABLE_TESTABILITY = YES;
				GCC_C_LANGUAGE_STANDARD = gnu11;
				GCC_DYNAMIC_NO_PIC = NO;
				GCC_NO_COMMON_BLOCKS = YES;
				GCC_OPTIMIZATION_LEVEL = 0;
				GCC_PREPROCESSOR_DEFINITIONS = (
					"DEBUG=1",
					"$(inherited)",
				);
				GCC_WARN_64_TO_32_BIT_CONVERSION = YES;
				GCC_WARN_ABOUT_RETURN_TYPE = YES_ERROR;
				GCC_WARN_UNDECLARED_SELECTOR = YES;
				GCC_WARN_UNINITIALIZED_AUTOS = YES_AGGRESSIVE;
				GCC_WARN_UNUSED_FUNCTION = YES;
				GCC_WARN_UNUSED_VARIABLE = YES;
				IPHONEOS_DEPLOYMENT_TARGET = 15.2;
				MTL_ENABLE_DEBUG_INFO = INCLUDE_SOURCE;
				MTL_FAST_MATH = YES;
				ONLY_ACTIVE_ARCH = YES;
				SDKROOT = iphoneos;
			};
			name = Debug;
		};
		9227D8D827716A8F002DEEFE /* Release */ = {
			isa = XCBuildConfiguration;
			buildSettings = {
				ALWAYS_SEARCH_USER_PATHS = NO;
				CLANG_ANALYZER_NONNULL = YES;
				CLANG_ANALYZER_NUMBER_OBJECT_CONVERSION = YES_AGGRESSIVE;
				CLANG_CXX_LANGUAGE_STANDARD = "gnu++17";
				CLANG_CXX_LIBRARY = "libc++";
				CLANG_ENABLE_MODULES = YES;
				CLANG_ENABLE_OBJC_ARC = YES;
				CLANG_ENABLE_OBJC_WEAK = YES;
				CLANG_WARN_BLOCK_CAPTURE_AUTORELEASING = YES;
				CLANG_WARN_BOOL_CONVERSION = YES;
				CLANG_WARN_COMMA = YES;
				CLANG_WARN_CONSTANT_CONVERSION = YES;
				CLANG_WARN_DEPRECATED_OBJC_IMPLEMENTATIONS = YES;
				CLANG_WARN_DIRECT_OBJC_ISA_USAGE = YES_ERROR;
				CLANG_WARN_DOCUMENTATION_COMMENTS = YES;
				CLANG_WARN_EMPTY_BODY = YES;
				CLANG_WARN_ENUM_CONVERSION = YES;
				CLANG_WARN_INFINITE_RECURSION = YES;
				CLANG_WARN_INT_CONVERSION = YES;
				CLANG_WARN_NON_LITERAL_NULL_CONVERSION = YES;
				CLANG_WARN_OBJC_IMPLICIT_RETAIN_SELF = YES;
				CLANG_WARN_OBJC_LITERAL_CONVERSION = YES;
				CLANG_WARN_OBJC_ROOT_CLASS = YES_ERROR;
				CLANG_WARN_QUOTED_INCLUDE_IN_FRAMEWORK_HEADER = YES;
				CLANG_WARN_RANGE_LOOP_ANALYSIS = YES;
				CLANG_WARN_STRICT_PROTOTYPES = YES;
				CLANG_WARN_SUSPICIOUS_MOVE = YES;
				CLANG_WARN_UNGUARDED_AVAILABILITY = YES_AGGRESSIVE;
				CLANG_WARN_UNREACHABLE_CODE = YES;
				CLANG_WARN__DUPLICATE_METHOD_MATCH = YES;
				COPY_PHASE_STRIP = NO;
				DEBUG_INFORMATION_FORMAT = "dwarf-with-dsym";
				ENABLE_NS_ASSERTIONS = NO;
				ENABLE_STRICT_OBJC_MSGSEND = YES;
				GCC_C_LANGUAGE_STANDARD = gnu11;
				GCC_NO_COMMON_BLOCKS = YES;
				GCC_WARN_64_TO_32_BIT_CONVERSION = YES;
				GCC_WARN_ABOUT_RETURN_TYPE = YES_ERROR;
				GCC_WARN_UNDECLARED_SELECTOR = YES;
				GCC_WARN_UNINITIALIZED_AUTOS = YES_AGGRESSIVE;
				GCC_WARN_UNUSED_FUNCTION = YES;
				GCC_WARN_UNUSED_VARIABLE = YES;
				IPHONEOS_DEPLOYMENT_TARGET = 15.2;
				MTL_ENABLE_DEBUG_INFO = NO;
				MTL_FAST_MATH = YES;
				SDKROOT = iphoneos;
				VALIDATE_PRODUCT = YES;
			};
			name = Release;
		};
		9227D8DA27716A8F002DEEFE /* Debug */ = {
			isa = XCBuildConfiguration;
			baseConfigurationReference = FBC250241DF21C22C6A8CBC4 /* Pods-DapengStudy.debug.xcconfig */;
			buildSettings = {
				ASSETCATALOG_COMPILER_APPICON_NAME = AppIcon;
				ASSETCATALOG_COMPILER_GLOBAL_ACCENT_COLOR_NAME = AccentColor;
				CODE_SIGN_STYLE = Automatic;
				CURRENT_PROJECT_VERSION = 1;
				DEVELOPMENT_TEAM = D24MF7WX52;
				GENERATE_INFOPLIST_FILE = YES;
				INFOPLIST_FILE = DapengStudy/Info.plist;
				INFOPLIST_KEY_UIApplicationSupportsIndirectInputEvents = YES;
				INFOPLIST_KEY_UILaunchStoryboardName = LaunchScreen;
				INFOPLIST_KEY_UIMainStoryboardFile = Main;
				INFOPLIST_KEY_UISupportedInterfaceOrientations_iPad = "UIInterfaceOrientationPortrait UIInterfaceOrientationPortraitUpsideDown UIInterfaceOrientationLandscapeLeft UIInterfaceOrientationLandscapeRight";
				INFOPLIST_KEY_UISupportedInterfaceOrientations_iPhone = "UIInterfaceOrientationPortrait UIInterfaceOrientationLandscapeLeft UIInterfaceOrientationLandscapeRight";
				IPHONEOS_DEPLOYMENT_TARGET = 11.0;
				LD_RUNPATH_SEARCH_PATHS = (
					"$(inherited)",
					"@executable_path/Frameworks",
				);
				MARKETING_VERSION = 1.0;
				PRODUCT_BUNDLE_IDENTIFIER = com.txp.DapengStudy;
				PRODUCT_NAME = "$(TARGET_NAME)";
				SWIFT_EMIT_LOC_STRINGS = YES;
				TARGETED_DEVICE_FAMILY = "1,2";
			};
			name = Debug;
		};
		9227D8DB27716A8F002DEEFE /* Release */ = {
			isa = XCBuildConfiguration;
			baseConfigurationReference = 18830C143E24D2104CF03992 /* Pods-DapengStudy.release.xcconfig */;
			buildSettings = {
				ASSETCATALOG_COMPILER_APPICON_NAME = AppIcon;
				ASSETCATALOG_COMPILER_GLOBAL_ACCENT_COLOR_NAME = AccentColor;
				CODE_SIGN_STYLE = Automatic;
				CURRENT_PROJECT_VERSION = 1;
				DEVELOPMENT_TEAM = D24MF7WX52;
				GENERATE_INFOPLIST_FILE = YES;
				INFOPLIST_FILE = DapengStudy/Info.plist;
				INFOPLIST_KEY_UIApplicationSupportsIndirectInputEvents = YES;
				INFOPLIST_KEY_UILaunchStoryboardName = LaunchScreen;
				INFOPLIST_KEY_UIMainStoryboardFile = Main;
				INFOPLIST_KEY_UISupportedInterfaceOrientations_iPad = "UIInterfaceOrientationPortrait UIInterfaceOrientationPortraitUpsideDown UIInterfaceOrientationLandscapeLeft UIInterfaceOrientationLandscapeRight";
				INFOPLIST_KEY_UISupportedInterfaceOrientations_iPhone = "UIInterfaceOrientationPortrait UIInterfaceOrientationLandscapeLeft UIInterfaceOrientationLandscapeRight";
				IPHONEOS_DEPLOYMENT_TARGET = 11.0;
				LD_RUNPATH_SEARCH_PATHS = (
					"$(inherited)",
					"@executable_path/Frameworks",
				);
				MARKETING_VERSION = 1.0;
				PRODUCT_BUNDLE_IDENTIFIER = com.txp.DapengStudy;
				PRODUCT_NAME = "$(TARGET_NAME)";
				SWIFT_EMIT_LOC_STRINGS = YES;
				TARGETED_DEVICE_FAMILY = "1,2";
			};
			name = Release;
		};
/* End XCBuildConfiguration section */

/* Begin XCConfigurationList section */
		9227D8BB27716A8E002DEEFE /* Build configuration list for PBXProject "DapengStudy" */ = {
			isa = XCConfigurationList;
			buildConfigurations = (
				9227D8D727716A8F002DEEFE /* Debug */,
				9227D8D827716A8F002DEEFE /* Release */,
			);
			defaultConfigurationIsVisible = 0;
			defaultConfigurationName = Release;
		};
		9227D8D927716A8F002DEEFE /* Build configuration list for PBXNativeTarget "DapengStudy" */ = {
			isa = XCConfigurationList;
			buildConfigurations = (
				9227D8DA27716A8F002DEEFE /* Debug */,
				9227D8DB27716A8F002DEEFE /* Release */,
			);
			defaultConfigurationIsVisible = 0;
			defaultConfigurationName = Release;
		};
/* End XCConfigurationList section */
	};
	rootObject = 9227D8B827716A8E002DEEFE /* Project object */;
}
